PODS:
  - ContactCard (0.2.0):
    - SwiftyJSON
  - Nimble (5.1.1)
  - Quick (1.0.0)
  - SwiftyJSON (3.1.4)

DEPENDENCIES:
  - ContactCard (from `../`)
  - Nimble (~> 5.1.1)
  - Quick (~> 1.0.0)

EXTERNAL SOURCES:
  ContactCard:
    :path: "../"

SPEC CHECKSUMS:
  ContactCard: 184e635c3549a3bd04244b8613d222768e379cd4
  Nimble: 415e3aa3267e7bc2c96b05fa814ddea7bb686a29
  Quick: 8024e4a47e6cc03a9d5245ef0948264fc6d27cff
  SwiftyJSON: c2842d878f95482ffceec5709abc3d05680c0220

PODFILE CHECKSUM: 37c3bb4a352456a47161606b3c26ef09252c17be

COCOAPODS: 1.2.0
