PODS:
  - ContactCard (0.3.7):
    - SwiftyJSON
  - SwiftyJSON (5.0.0)

DEPENDENCIES:
  - ContactCard (from `../`)

SPEC REPOS:
  trunk:
    - SwiftyJSON

EXTERNAL SOURCES:
  ContactCard:
    :path: "../"

SPEC CHECKSUMS:
  ContactCard: a17453b3fef0451b5bf3073349017e3962111b76
  SwiftyJSON: 36413e04c44ee145039d332b4f4e2d3e8d6c4db7

PODFILE CHECKSUM: c191d8a15e80387ae8f03c0b3741ae49d38ba3d2

COCOAPODS: 1.8.4
