PODS:
  - ContactCard (0.3.5):
    - SwiftyJSON
  - SwiftyJSON (3.1.4)

DEPENDENCIES:
  - ContactCard (from `../`)

EXTERNAL SOURCES:
  ContactCard:
    :path: ../

SPEC CHECKSUMS:
  ContactCard: 6712cd39040e3817b9eb799f536d6dc65cb9dad1
  SwiftyJSON: c2842d878f95482ffceec5709abc3d05680c0220

PODFILE CHECKSUM: ed487709fc18b429cbe299074dd7918555f3d502

COCOAPODS: 1.3.1
